
Microsoft Visual Studio Solution File, Format Version 12.00
# Visual Studio Version 16
VisualStudioVersion = 16.0.30413.136
MinimumVisualStudioVersion = 10.0.40219.1
Project("{FAE04EC0-301F-11D3-BF4B-00C04F79EFBC}") = "QrMenu.Mobil.UWP", "QrMenu.Mobil\QrMenu.Mobil.UWP\QrMenu.Mobil.UWP.csproj", "{390417F6-3900-4715-8F09-421AE466E606}"
EndProject
Project("{FAE04EC0-301F-11D3-BF4B-00C04F79EFBC}") = "QrMenu.Mobil.Android", "QrMenu.Mobil\QrMenu.Mobil.Android\QrMenu.Mobil.Android.csproj", "{0BF5286B-8612-4F1B-B659-A9362AFC119B}"
EndProject
Project("{FAE04EC0-301F-11D3-BF4B-00C04F79EFBC}") = "QrMenu.Mobil.iOS", "QrMenu.Mobil\QrMenu.Mobil.iOS\QrMenu.Mobil.iOS.csproj", "{D7D8B4CA-D41C-4FA3-97F7-572E506CA5D3}"
EndProject
Project("{FAE04EC0-301F-11D3-BF4B-00C04F79EFBC}") = "QrMenu.Mobil", "QrMenu.Mobil\QrMenu.Mobil\QrMenu.Mobil.csproj", "{6CBBB43D-ED9D-4472-B0B2-3DBE4406D078}"
EndProject
Global
	GlobalSection(SolutionConfigurationPlatforms) = preSolution
		Debug|Any CPU = Debug|Any CPU
		Debug|ARM = Debug|ARM
		Debug|iPhone = Debug|iPhone
		Debug|iPhoneSimulator = Debug|iPhoneSimulator
		Debug|x64 = Debug|x64
		Debug|x86 = Debug|x86
		Release|Any CPU = Release|Any CPU
		Release|ARM = Release|ARM
		Release|iPhone = Release|iPhone
		Release|iPhoneSimulator = Release|iPhoneSimulator
		Release|x64 = Release|x64
		Release|x86 = Release|x86
	EndGlobalSection
	GlobalSection(ProjectConfigurationPlatforms) = postSolution
		{390417F6-3900-4715-8F09-421AE466E606}.Debug|Any CPU.ActiveCfg = Debug|x86
		{390417F6-3900-4715-8F09-421AE466E606}.Debug|Any CPU.Build.0 = Debug|x86
		{390417F6-3900-4715-8F09-421AE466E606}.Debug|Any CPU.Deploy.0 = Debug|x86
		{390417F6-3900-4715-8F09-421AE466E606}.Debug|ARM.ActiveCfg = Debug|ARM
		{390417F6-3900-4715-8F09-421AE466E606}.Debug|ARM.Build.0 = Debug|ARM
		{390417F6-3900-4715-8F09-421AE466E606}.Debug|ARM.Deploy.0 = Debug|ARM
		{390417F6-3900-4715-8F09-421AE466E606}.Debug|iPhone.ActiveCfg = Debug|x86
		{390417F6-3900-4715-8F09-421AE466E606}.Debug|iPhone.Build.0 = Debug|x86
		{390417F6-3900-4715-8F09-421AE466E606}.Debug|iPhone.Deploy.0 = Debug|x86
		{390417F6-3900-4715-8F09-421AE466E606}.Debug|iPhoneSimulator.ActiveCfg = Debug|x86
		{390417F6-3900-4715-8F09-421AE466E606}.Debug|iPhoneSimulator.Build.0 = Debug|x86
		{390417F6-3900-4715-8F09-421AE466E606}.Debug|iPhoneSimulator.Deploy.0 = Debug|x86
		{390417F6-3900-4715-8F09-421AE466E606}.Debug|x64.ActiveCfg = Debug|x64
		{390417F6-3900-4715-8F09-421AE466E606}.Debug|x64.Build.0 = Debug|x64
		{390417F6-3900-4715-8F09-421AE466E606}.Debug|x64.Deploy.0 = Debug|x64
		{390417F6-3900-4715-8F09-421AE466E606}.Debug|x86.ActiveCfg = Debug|x86
		{390417F6-3900-4715-8F09-421AE466E606}.Debug|x86.Build.0 = Debug|x86
		{390417F6-3900-4715-8F09-421AE466E606}.Debug|x86.Deploy.0 = Debug|x86
		{390417F6-3900-4715-8F09-421AE466E606}.Release|Any CPU.ActiveCfg = Release|x86
		{390417F6-3900-4715-8F09-421AE466E606}.Release|Any CPU.Build.0 = Release|x86
		{390417F6-3900-4715-8F09-421AE466E606}.Release|Any CPU.Deploy.0 = Release|x86
		{390417F6-3900-4715-8F09-421AE466E606}.Release|ARM.ActiveCfg = Release|ARM
		{390417F6-3900-4715-8F09-421AE466E606}.Release|ARM.Build.0 = Release|ARM
		{390417F6-3900-4715-8F09-421AE466E606}.Release|ARM.Deploy.0 = Release|ARM
		{390417F6-3900-4715-8F09-421AE466E606}.Release|iPhone.ActiveCfg = Release|x86
		{390417F6-3900-4715-8F09-421AE466E606}.Release|iPhone.Build.0 = Release|x86
		{390417F6-3900-4715-8F09-421AE466E606}.Release|iPhone.Deploy.0 = Release|x86
		{390417F6-3900-4715-8F09-421AE466E606}.Release|iPhoneSimulator.ActiveCfg = Release|x86
		{390417F6-3900-4715-8F09-421AE466E606}.Release|iPhoneSimulator.Build.0 = Release|x86
		{390417F6-3900-4715-8F09-421AE466E606}.Release|iPhoneSimulator.Deploy.0 = Release|x86
		{390417F6-3900-4715-8F09-421AE466E606}.Release|x64.ActiveCfg = Release|x64
		{390417F6-3900-4715-8F09-421AE466E606}.Release|x64.Build.0 = Release|x64
		{390417F6-3900-4715-8F09-421AE466E606}.Release|x64.Deploy.0 = Release|x64
		{390417F6-3900-4715-8F09-421AE466E606}.Release|x86.ActiveCfg = Release|x86
		{390417F6-3900-4715-8F09-421AE466E606}.Release|x86.Build.0 = Release|x86
		{390417F6-3900-4715-8F09-421AE466E606}.Release|x86.Deploy.0 = Release|x86
		{0BF5286B-8612-4F1B-B659-A9362AFC119B}.Debug|Any CPU.ActiveCfg = Debug|Any CPU
		{0BF5286B-8612-4F1B-B659-A9362AFC119B}.Debug|Any CPU.Build.0 = Debug|Any CPU
		{0BF5286B-8612-4F1B-B659-A9362AFC119B}.Debug|Any CPU.Deploy.0 = Debug|Any CPU
		{0BF5286B-8612-4F1B-B659-A9362AFC119B}.Debug|ARM.ActiveCfg = Debug|Any CPU
		{0BF5286B-8612-4F1B-B659-A9362AFC119B}.Debug|ARM.Build.0 = Debug|Any CPU
		{0BF5286B-8612-4F1B-B659-A9362AFC119B}.Debug|ARM.Deploy.0 = Debug|Any CPU
		{0BF5286B-8612-4F1B-B659-A9362AFC119B}.Debug|iPhone.ActiveCfg = Debug|Any CPU
		{0BF5286B-8612-4F1B-B659-A9362AFC119B}.Debug|iPhone.Build.0 = Debug|Any CPU
		{0BF5286B-8612-4F1B-B659-A9362AFC119B}.Debug|iPhone.Deploy.0 = Debug|Any CPU
		{0BF5286B-8612-4F1B-B659-A9362AFC119B}.Debug|iPhoneSimulator.ActiveCfg = Debug|Any CPU
		{0BF5286B-8612-4F1B-B659-A9362AFC119B}.Debug|iPhoneSimulator.Build.0 = Debug|Any CPU
		{0BF5286B-8612-4F1B-B659-A9362AFC119B}.Debug|iPhoneSimulator.Deploy.0 = Debug|Any CPU
		{0BF5286B-8612-4F1B-B659-A9362AFC119B}.Debug|x64.ActiveCfg = Debug|Any CPU
		{0BF5286B-8612-4F1B-B659-A9362AFC119B}.Debug|x64.Build.0 = Debug|Any CPU
		{0BF5286B-8612-4F1B-B659-A9362AFC119B}.Debug|x64.Deploy.0 = Debug|Any CPU
		{0BF5286B-8612-4F1B-B659-A9362AFC119B}.Debug|x86.ActiveCfg = Debug|Any CPU
		{0BF5286B-8612-4F1B-B659-A9362AFC119B}.Debug|x86.Build.0 = Debug|Any CPU
		{0BF5286B-8612-4F1B-B659-A9362AFC119B}.Debug|x86.Deploy.0 = Debug|Any CPU
		{0BF5286B-8612-4F1B-B659-A9362AFC119B}.Release|Any CPU.ActiveCfg = Release|Any CPU
		{0BF5286B-8612-4F1B-B659-A9362AFC119B}.Release|Any CPU.Build.0 = Release|Any CPU
		{0BF5286B-8612-4F1B-B659-A9362AFC119B}.Release|Any CPU.Deploy.0 = Release|Any CPU
		{0BF5286B-8612-4F1B-B659-A9362AFC119B}.Release|ARM.ActiveCfg = Release|Any CPU
		{0BF5286B-8612-4F1B-B659-A9362AFC119B}.Release|ARM.Build.0 = Release|Any CPU
		{0BF5286B-8612-4F1B-B659-A9362AFC119B}.Release|ARM.Deploy.0 = Release|Any CPU
		{0BF5286B-8612-4F1B-B659-A9362AFC119B}.Release|iPhone.ActiveCfg = Release|Any CPU
		{0BF5286B-8612-4F1B-B659-A9362AFC119B}.Release|iPhone.Build.0 = Release|Any CPU
		{0BF5286B-8612-4F1B-B659-A9362AFC119B}.Release|iPhone.Deploy.0 = Release|Any CPU
		{0BF5286B-8612-4F1B-B659-A9362AFC119B}.Release|iPhoneSimulator.ActiveCfg = Release|Any CPU
		{0BF5286B-8612-4F1B-B659-A9362AFC119B}.Release|iPhoneSimulator.Build.0 = Release|Any CPU
		{0BF5286B-8612-4F1B-B659-A9362AFC119B}.Release|iPhoneSimulator.Deploy.0 = Release|Any CPU
		{0BF5286B-8612-4F1B-B659-A9362AFC119B}.Release|x64.ActiveCfg = Release|Any CPU
		{0BF5286B-8612-4F1B-B659-A9362AFC119B}.Release|x64.Build.0 = Release|Any CPU
		{0BF5286B-8612-4F1B-B659-A9362AFC119B}.Release|x64.Deploy.0 = Release|Any CPU
		{0BF5286B-8612-4F1B-B659-A9362AFC119B}.Release|x86.ActiveCfg = Release|Any CPU
		{0BF5286B-8612-4F1B-B659-A9362AFC119B}.Release|x86.Build.0 = Release|Any CPU
		{0BF5286B-8612-4F1B-B659-A9362AFC119B}.Release|x86.Deploy.0 = Release|Any CPU
		{D7D8B4CA-D41C-4FA3-97F7-572E506CA5D3}.Debug|Any CPU.ActiveCfg = Debug|iPhone
		{D7D8B4CA-D41C-4FA3-97F7-572E506CA5D3}.Debug|Any CPU.Build.0 = Debug|iPhone
		{D7D8B4CA-D41C-4FA3-97F7-572E506CA5D3}.Debug|Any CPU.Deploy.0 = Debug|iPhone
		{D7D8B4CA-D41C-4FA3-97F7-572E506CA5D3}.Debug|ARM.ActiveCfg = Debug|iPhone
		{D7D8B4CA-D41C-4FA3-97F7-572E506CA5D3}.Debug|ARM.Build.0 = Debug|iPhone
		{D7D8B4CA-D41C-4FA3-97F7-572E506CA5D3}.Debug|ARM.Deploy.0 = Debug|iPhone
		{D7D8B4CA-D41C-4FA3-97F7-572E506CA5D3}.Debug|iPhone.ActiveCfg = Debug|iPhone
		{D7D8B4CA-D41C-4FA3-97F7-572E506CA5D3}.Debug|iPhone.Build.0 = Debug|iPhone
		{D7D8B4CA-D41C-4FA3-97F7-572E506CA5D3}.Debug|iPhone.Deploy.0 = Debug|iPhone
		{D7D8B4CA-D41C-4FA3-97F7-572E506CA5D3}.Debug|iPhoneSimulator.ActiveCfg = Debug|iPhoneSimulator
		{D7D8B4CA-D41C-4FA3-97F7-572E506CA5D3}.Debug|iPhoneSimulator.Build.0 = Debug|iPhoneSimulator
		{D7D8B4CA-D41C-4FA3-97F7-572E506CA5D3}.Debug|iPhoneSimulator.Deploy.0 = Debug|iPhoneSimulator
		{D7D8B4CA-D41C-4FA3-97F7-572E506CA5D3}.Debug|x64.ActiveCfg = Debug|iPhone
		{D7D8B4CA-D41C-4FA3-97F7-572E506CA5D3}.Debug|x64.Build.0 = Debug|iPhone
		{D7D8B4CA-D41C-4FA3-97F7-572E506CA5D3}.Debug|x64.Deploy.0 = Debug|iPhone
		{D7D8B4CA-D41C-4FA3-97F7-572E506CA5D3}.Debug|x86.ActiveCfg = Debug|iPhone
		{D7D8B4CA-D41C-4FA3-97F7-572E506CA5D3}.Debug|x86.Build.0 = Debug|iPhone
		{D7D8B4CA-D41C-4FA3-97F7-572E506CA5D3}.Debug|x86.Deploy.0 = Debug|iPhone
		{D7D8B4CA-D41C-4FA3-97F7-572E506CA5D3}.Release|Any CPU.ActiveCfg = Release|iPhone
		{D7D8B4CA-D41C-4FA3-97F7-572E506CA5D3}.Release|Any CPU.Build.0 = Release|iPhone
		{D7D8B4CA-D41C-4FA3-97F7-572E506CA5D3}.Release|Any CPU.Deploy.0 = Release|iPhone
		{D7D8B4CA-D41C-4FA3-97F7-572E506CA5D3}.Release|ARM.ActiveCfg = Release|iPhone
		{D7D8B4CA-D41C-4FA3-97F7-572E506CA5D3}.Release|ARM.Build.0 = Release|iPhone
		{D7D8B4CA-D41C-4FA3-97F7-572E506CA5D3}.Release|ARM.Deploy.0 = Release|iPhone
		{D7D8B4CA-D41C-4FA3-97F7-572E506CA5D3}.Release|iPhone.ActiveCfg = Release|iPhone
		{D7D8B4CA-D41C-4FA3-97F7-572E506CA5D3}.Release|iPhone.Build.0 = Release|iPhone
		{D7D8B4CA-D41C-4FA3-97F7-572E506CA5D3}.Release|iPhone.Deploy.0 = Release|iPhone
		{D7D8B4CA-D41C-4FA3-97F7-572E506CA5D3}.Release|iPhoneSimulator.ActiveCfg = Release|iPhoneSimulator
		{D7D8B4CA-D41C-4FA3-97F7-572E506CA5D3}.Release|iPhoneSimulator.Build.0 = Release|iPhoneSimulator
		{D7D8B4CA-D41C-4FA3-97F7-572E506CA5D3}.Release|iPhoneSimulator.Deploy.0 = Release|iPhoneSimulator
		{D7D8B4CA-D41C-4FA3-97F7-572E506CA5D3}.Release|x64.ActiveCfg = Release|iPhone
		{D7D8B4CA-D41C-4FA3-97F7-572E506CA5D3}.Release|x64.Build.0 = Release|iPhone
		{D7D8B4CA-D41C-4FA3-97F7-572E506CA5D3}.Release|x64.Deploy.0 = Release|iPhone
		{D7D8B4CA-D41C-4FA3-97F7-572E506CA5D3}.Release|x86.ActiveCfg = Release|iPhone
		{D7D8B4CA-D41C-4FA3-97F7-572E506CA5D3}.Release|x86.Build.0 = Release|iPhone
		{D7D8B4CA-D41C-4FA3-97F7-572E506CA5D3}.Release|x86.Deploy.0 = Release|iPhone
		{6CBBB43D-ED9D-4472-B0B2-3DBE4406D078}.Debug|Any CPU.ActiveCfg = Debug|Any CPU
		{6CBBB43D-ED9D-4472-B0B2-3DBE4406D078}.Debug|Any CPU.Build.0 = Debug|Any CPU
		{6CBBB43D-ED9D-4472-B0B2-3DBE4406D078}.Debug|Any CPU.Deploy.0 = Debug|Any CPU
		{6CBBB43D-ED9D-4472-B0B2-3DBE4406D078}.Debug|ARM.ActiveCfg = Debug|Any CPU
		{6CBBB43D-ED9D-4472-B0B2-3DBE4406D078}.Debug|ARM.Build.0 = Debug|Any CPU
		{6CBBB43D-ED9D-4472-B0B2-3DBE4406D078}.Debug|ARM.Deploy.0 = Debug|Any CPU
		{6CBBB43D-ED9D-4472-B0B2-3DBE4406D078}.Debug|iPhone.ActiveCfg = Debug|Any CPU
		{6CBBB43D-ED9D-4472-B0B2-3DBE4406D078}.Debug|iPhone.Build.0 = Debug|Any CPU
		{6CBBB43D-ED9D-4472-B0B2-3DBE4406D078}.Debug|iPhone.Deploy.0 = Debug|Any CPU
		{6CBBB43D-ED9D-4472-B0B2-3DBE4406D078}.Debug|iPhoneSimulator.ActiveCfg = Debug|Any CPU
		{6CBBB43D-ED9D-4472-B0B2-3DBE4406D078}.Debug|iPhoneSimulator.Build.0 = Debug|Any CPU
		{6CBBB43D-ED9D-4472-B0B2-3DBE4406D078}.Debug|iPhoneSimulator.Deploy.0 = Debug|Any CPU
		{6CBBB43D-ED9D-4472-B0B2-3DBE4406D078}.Debug|x64.ActiveCfg = Debug|Any CPU
		{6CBBB43D-ED9D-4472-B0B2-3DBE4406D078}.Debug|x64.Build.0 = Debug|Any CPU
		{6CBBB43D-ED9D-4472-B0B2-3DBE4406D078}.Debug|x64.Deploy.0 = Debug|Any CPU
		{6CBBB43D-ED9D-4472-B0B2-3DBE4406D078}.Debug|x86.ActiveCfg = Debug|Any CPU
		{6CBBB43D-ED9D-4472-B0B2-3DBE4406D078}.Debug|x86.Build.0 = Debug|Any CPU
		{6CBBB43D-ED9D-4472-B0B2-3DBE4406D078}.Debug|x86.Deploy.0 = Debug|Any CPU
		{6CBBB43D-ED9D-4472-B0B2-3DBE4406D078}.Release|Any CPU.ActiveCfg = Release|Any CPU
		{6CBBB43D-ED9D-4472-B0B2-3DBE4406D078}.Release|Any CPU.Build.0 = Release|Any CPU
		{6CBBB43D-ED9D-4472-B0B2-3DBE4406D078}.Release|Any CPU.Deploy.0 = Release|Any CPU
		{6CBBB43D-ED9D-4472-B0B2-3DBE4406D078}.Release|ARM.ActiveCfg = Release|Any CPU
		{6CBBB43D-ED9D-4472-B0B2-3DBE4406D078}.Release|ARM.Build.0 = Release|Any CPU
		{6CBBB43D-ED9D-4472-B0B2-3DBE4406D078}.Release|ARM.Deploy.0 = Release|Any CPU
		{6CBBB43D-ED9D-4472-B0B2-3DBE4406D078}.Release|iPhone.ActiveCfg = Release|Any CPU
		{6CBBB43D-ED9D-4472-B0B2-3DBE4406D078}.Release|iPhone.Build.0 = Release|Any CPU
		{6CBBB43D-ED9D-4472-B0B2-3DBE4406D078}.Release|iPhone.Deploy.0 = Release|Any CPU
		{6CBBB43D-ED9D-4472-B0B2-3DBE4406D078}.Release|iPhoneSimulator.ActiveCfg = Release|Any CPU
		{6CBBB43D-ED9D-4472-B0B2-3DBE4406D078}.Release|iPhoneSimulator.Build.0 = Release|Any CPU
		{6CBBB43D-ED9D-4472-B0B2-3DBE4406D078}.Release|iPhoneSimulator.Deploy.0 = Release|Any CPU
		{6CBBB43D-ED9D-4472-B0B2-3DBE4406D078}.Release|x64.ActiveCfg = Release|Any CPU
		{6CBBB43D-ED9D-4472-B0B2-3DBE4406D078}.Release|x64.Build.0 = Release|Any CPU
		{6CBBB43D-ED9D-4472-B0B2-3DBE4406D078}.Release|x64.Deploy.0 = Release|Any CPU
		{6CBBB43D-ED9D-4472-B0B2-3DBE4406D078}.Release|x86.ActiveCfg = Release|Any CPU
		{6CBBB43D-ED9D-4472-B0B2-3DBE4406D078}.Release|x86.Build.0 = Release|Any CPU
		{6CBBB43D-ED9D-4472-B0B2-3DBE4406D078}.Release|x86.Deploy.0 = Release|Any CPU
	EndGlobalSection
	GlobalSection(SolutionProperties) = preSolution
		HideSolutionNode = FALSE
	EndGlobalSection
	GlobalSection(ExtensibilityGlobals) = postSolution
		SolutionGuid = {76086896-C1F6-4A36-80AA-F4E46D0EFD75}
	EndGlobalSection
EndGlobal
